
Microsoft Visual Studio Solution File, Format Version 12.00
# Visual Studio Version 17
VisualStudioVersion = 17.8.34330.188
MinimumVisualStudioVersion = 10.0.40219.1
Project("{FAE04EC0-301F-11D3-BF4B-00C04F79EFBC}") = "Bingo", "Bingo.csproj", "{B530D541-DCD9-4BBC-8A60-304A40EAA164}"
EndProject
Global
	GlobalSection(SolutionConfigurationPlatforms) = preSolution
		Debug|Any CPU = Debug|Any CPU
		Release|Any CPU = Release|Any CPU
	EndGlobalSection
	GlobalSection(ProjectConfigurationPlatforms) = postSolution
		{B530D541-DCD9-4BBC-8A60-304A40EAA164}.Debug|Any CPU.ActiveCfg = Debug|Any CPU
		{B530D541-DCD9-4BBC-8A60-304A40EAA164}.Debug|Any CPU.Build.0 = Debug|Any CPU
		{B530D541-DCD9-4BBC-8A60-304A40EAA164}.Release|Any CPU.ActiveCfg = Release|Any CPU
		{B530D541-DCD9-4BBC-8A60-304A40EAA164}.Release|Any CPU.Build.0 = Release|Any CPU
	EndGlobalSection
	GlobalSection(SolutionProperties) = preSolution
		HideSolutionNode = FALSE
	EndGlobalSection
	GlobalSection(ExtensibilityGlobals) = postSolution
		SolutionGuid = {451E321B-6649-49F7-91AF-318808A4DAA4}
	EndGlobalSection
EndGlobal
